
Microsoft Visual Studio Solution File, Format Version 12.00
# Visual Studio Version 17
VisualStudioVersion = 17.3.32929.385
MinimumVisualStudioVersion = 10.0.40219.1
Project("{FAE04EC0-301F-11D3-BF4B-00C04F79EFBC}") = "800 -- A1776 - WalkingBoy", "800 -- A1776 - WalkingBoy.csproj", "{961BAB8E-68B4-4EDD-BD17-B8F2D34B80B9}"
EndProject
Global
	GlobalSection(SolutionConfigurationPlatforms) = preSolution
		Debug|Any CPU = Debug|Any CPU
		Release|Any CPU = Release|Any CPU
	EndGlobalSection
	GlobalSection(ProjectConfigurationPlatforms) = postSolution
		{961BAB8E-68B4-4EDD-BD17-B8F2D34B80B9}.Debug|Any CPU.ActiveCfg = Debug|Any CPU
		{961BAB8E-68B4-4EDD-BD17-B8F2D34B80B9}.Debug|Any CPU.Build.0 = Debug|Any CPU
		{961BAB8E-68B4-4EDD-BD17-B8F2D34B80B9}.Release|Any CPU.ActiveCfg = Release|Any CPU
		{961BAB8E-68B4-4EDD-BD17-B8F2D34B80B9}.Release|Any CPU.Build.0 = Release|Any CPU
	EndGlobalSection
	GlobalSection(SolutionProperties) = preSolution
		HideSolutionNode = FALSE
	EndGlobalSection
	GlobalSection(ExtensibilityGlobals) = postSolution
		SolutionGuid = {A82DA8C4-3593-43A5-8280-7F41A023DF02}
	EndGlobalSection
EndGlobal
