
Microsoft Visual Studio Solution File, Format Version 12.00
# Visual Studio Version 17
VisualStudioVersion = 17.3.32929.385
MinimumVisualStudioVersion = 10.0.40219.1
Project("{FAE04EC0-301F-11D3-BF4B-00C04F79EFBC}") = "BinarySearchIterative", "BinarySearchIterative.csproj", "{668245A6-238A-4232-8E5B-67C07BD5B3A6}"
EndProject
Global
	GlobalSection(SolutionConfigurationPlatforms) = preSolution
		Debug|Any CPU = Debug|Any CPU
		Release|Any CPU = Release|Any CPU
	EndGlobalSection
	GlobalSection(ProjectConfigurationPlatforms) = postSolution
		{668245A6-238A-4232-8E5B-67C07BD5B3A6}.Debug|Any CPU.ActiveCfg = Debug|Any CPU
		{668245A6-238A-4232-8E5B-67C07BD5B3A6}.Debug|Any CPU.Build.0 = Debug|Any CPU
		{668245A6-238A-4232-8E5B-67C07BD5B3A6}.Release|Any CPU.ActiveCfg = Release|Any CPU
		{668245A6-238A-4232-8E5B-67C07BD5B3A6}.Release|Any CPU.Build.0 = Release|Any CPU
	EndGlobalSection
	GlobalSection(SolutionProperties) = preSolution
		HideSolutionNode = FALSE
	EndGlobalSection
	GlobalSection(ExtensibilityGlobals) = postSolution
		SolutionGuid = {609B36A8-2E3B-4F43-A08E-08ACA2E3B4B3}
	EndGlobalSection
EndGlobal
