
Microsoft Visual Studio Solution File, Format Version 12.00
# Visual Studio Version 16
VisualStudioVersion = 16.0.30011.22
MinimumVisualStudioVersion = 10.0.40219.1
Project("{FAE04EC0-301F-11D3-BF4B-00C04F79EFBC}") = "800 -- A707 - BrainsPhotos", "800 -- A707 - BrainsPhotos.csproj", "{E1AB0D47-0717-466A-BE3A-631F917A8A3D}"
EndProject
Global
	GlobalSection(SolutionConfigurationPlatforms) = preSolution
		Debug|Any CPU = Debug|Any CPU
		Release|Any CPU = Release|Any CPU
	EndGlobalSection
	GlobalSection(ProjectConfigurationPlatforms) = postSolution
		{E1AB0D47-0717-466A-BE3A-631F917A8A3D}.Debug|Any CPU.ActiveCfg = Debug|Any CPU
		{E1AB0D47-0717-466A-BE3A-631F917A8A3D}.Debug|Any CPU.Build.0 = Debug|Any CPU
		{E1AB0D47-0717-466A-BE3A-631F917A8A3D}.Release|Any CPU.ActiveCfg = Release|Any CPU
		{E1AB0D47-0717-466A-BE3A-631F917A8A3D}.Release|Any CPU.Build.0 = Release|Any CPU
	EndGlobalSection
	GlobalSection(SolutionProperties) = preSolution
		HideSolutionNode = FALSE
	EndGlobalSection
	GlobalSection(ExtensibilityGlobals) = postSolution
		SolutionGuid = {2A5818D7-32D7-431C-8743-CCD134FD9826}
	EndGlobalSection
EndGlobal
