
Microsoft Visual Studio Solution File, Format Version 12.00
# Visual Studio Version 16
VisualStudioVersion = 16.0.30011.22
MinimumVisualStudioVersion = 10.0.40219.1
Project("{FAE04EC0-301F-11D3-BF4B-00C04F79EFBC}") = "1300 -- B707 - Bakery", "1300 -- B707 - Bakery.csproj", "{8B844249-69D0-4B4E-9BD9-4FE6B1638128}"
EndProject
Global
	GlobalSection(SolutionConfigurationPlatforms) = preSolution
		Debug|Any CPU = Debug|Any CPU
		Release|Any CPU = Release|Any CPU
	EndGlobalSection
	GlobalSection(ProjectConfigurationPlatforms) = postSolution
		{8B844249-69D0-4B4E-9BD9-4FE6B1638128}.Debug|Any CPU.ActiveCfg = Debug|Any CPU
		{8B844249-69D0-4B4E-9BD9-4FE6B1638128}.Debug|Any CPU.Build.0 = Debug|Any CPU
		{8B844249-69D0-4B4E-9BD9-4FE6B1638128}.Release|Any CPU.ActiveCfg = Release|Any CPU
		{8B844249-69D0-4B4E-9BD9-4FE6B1638128}.Release|Any CPU.Build.0 = Release|Any CPU
	EndGlobalSection
	GlobalSection(SolutionProperties) = preSolution
		HideSolutionNode = FALSE
	EndGlobalSection
	GlobalSection(ExtensibilityGlobals) = postSolution
		SolutionGuid = {615469D6-F762-466A-8EC4-631DFC485B73}
	EndGlobalSection
EndGlobal
