
Microsoft Visual Studio Solution File, Format Version 12.00
# Visual Studio Version 16
VisualStudioVersion = 16.0.30011.22
MinimumVisualStudioVersion = 10.0.40219.1
Project("{FAE04EC0-301F-11D3-BF4B-00C04F79EFBC}") = "900 -- B918 - RadioStation", "900 -- B918 - RadioStation.csproj", "{B9CD9DC4-9C92-4B45-AC13-4EA0385B7474}"
EndProject
Global
	GlobalSection(SolutionConfigurationPlatforms) = preSolution
		Debug|Any CPU = Debug|Any CPU
		Release|Any CPU = Release|Any CPU
	EndGlobalSection
	GlobalSection(ProjectConfigurationPlatforms) = postSolution
		{B9CD9DC4-9C92-4B45-AC13-4EA0385B7474}.Debug|Any CPU.ActiveCfg = Debug|Any CPU
		{B9CD9DC4-9C92-4B45-AC13-4EA0385B7474}.Debug|Any CPU.Build.0 = Debug|Any CPU
		{B9CD9DC4-9C92-4B45-AC13-4EA0385B7474}.Release|Any CPU.ActiveCfg = Release|Any CPU
		{B9CD9DC4-9C92-4B45-AC13-4EA0385B7474}.Release|Any CPU.Build.0 = Release|Any CPU
	EndGlobalSection
	GlobalSection(SolutionProperties) = preSolution
		HideSolutionNode = FALSE
	EndGlobalSection
	GlobalSection(ExtensibilityGlobals) = postSolution
		SolutionGuid = {B74B899E-15D7-47C1-B8B5-BCBA4CF2ABA4}
	EndGlobalSection
EndGlobal
