
Microsoft Visual Studio Solution File, Format Version 12.00
# Visual Studio Version 17
VisualStudioVersion = 17.3.32929.385
MinimumVisualStudioVersion = 10.0.40219.1
Project("{FAE04EC0-301F-11D3-BF4B-00C04F79EFBC}") = "AvlTrees", "AvlTrees.csproj", "{A2959659-41BB-4DF5-A88D-7F48F4CB341F}"
EndProject
Global
	GlobalSection(SolutionConfigurationPlatforms) = preSolution
		Debug|Any CPU = Debug|Any CPU
		Release|Any CPU = Release|Any CPU
	EndGlobalSection
	GlobalSection(ProjectConfigurationPlatforms) = postSolution
		{A2959659-41BB-4DF5-A88D-7F48F4CB341F}.Debug|Any CPU.ActiveCfg = Debug|Any CPU
		{A2959659-41BB-4DF5-A88D-7F48F4CB341F}.Debug|Any CPU.Build.0 = Debug|Any CPU
		{A2959659-41BB-4DF5-A88D-7F48F4CB341F}.Release|Any CPU.ActiveCfg = Release|Any CPU
		{A2959659-41BB-4DF5-A88D-7F48F4CB341F}.Release|Any CPU.Build.0 = Release|Any CPU
	EndGlobalSection
	GlobalSection(SolutionProperties) = preSolution
		HideSolutionNode = FALSE
	EndGlobalSection
	GlobalSection(ExtensibilityGlobals) = postSolution
		SolutionGuid = {7036AC36-0C7D-4DA7-88A4-3C0796C0EE86}
	EndGlobalSection
EndGlobal
