
Microsoft Visual Studio Solution File, Format Version 12.00
# Visual Studio Version 16
VisualStudioVersion = 16.0.30011.22
MinimumVisualStudioVersion = 10.0.40219.1
Project("{FAE04EC0-301F-11D3-BF4B-00C04F79EFBC}") = "900 -- A903 - HungryStudentProblem", "900 -- A903 - HungryStudentProblem.csproj", "{360A7D65-21E9-4851-9FA6-1EBB71E518AD}"
EndProject
Global
	GlobalSection(SolutionConfigurationPlatforms) = preSolution
		Debug|Any CPU = Debug|Any CPU
		Release|Any CPU = Release|Any CPU
	EndGlobalSection
	GlobalSection(ProjectConfigurationPlatforms) = postSolution
		{360A7D65-21E9-4851-9FA6-1EBB71E518AD}.Debug|Any CPU.ActiveCfg = Debug|Any CPU
		{360A7D65-21E9-4851-9FA6-1EBB71E518AD}.Debug|Any CPU.Build.0 = Debug|Any CPU
		{360A7D65-21E9-4851-9FA6-1EBB71E518AD}.Release|Any CPU.ActiveCfg = Release|Any CPU
		{360A7D65-21E9-4851-9FA6-1EBB71E518AD}.Release|Any CPU.Build.0 = Release|Any CPU
	EndGlobalSection
	GlobalSection(SolutionProperties) = preSolution
		HideSolutionNode = FALSE
	EndGlobalSection
	GlobalSection(ExtensibilityGlobals) = postSolution
		SolutionGuid = {180E451C-88E5-4796-8EF5-7439C8CD5387}
	EndGlobalSection
EndGlobal
