
Microsoft Visual Studio Solution File, Format Version 12.00
# Visual Studio Version 17
VisualStudioVersion = 17.3.32929.385
MinimumVisualStudioVersion = 10.0.40219.1
Project("{FAE04EC0-301F-11D3-BF4B-00C04F79EFBC}") = "MaxProduct", "MaxProduct.csproj", "{F53B0101-B82B-46EB-ACCC-0F3E3B9AA516}"
EndProject
Global
	GlobalSection(SolutionConfigurationPlatforms) = preSolution
		Debug|Any CPU = Debug|Any CPU
		Release|Any CPU = Release|Any CPU
	EndGlobalSection
	GlobalSection(ProjectConfigurationPlatforms) = postSolution
		{F53B0101-B82B-46EB-ACCC-0F3E3B9AA516}.Debug|Any CPU.ActiveCfg = Debug|Any CPU
		{F53B0101-B82B-46EB-ACCC-0F3E3B9AA516}.Debug|Any CPU.Build.0 = Debug|Any CPU
		{F53B0101-B82B-46EB-ACCC-0F3E3B9AA516}.Release|Any CPU.ActiveCfg = Release|Any CPU
		{F53B0101-B82B-46EB-ACCC-0F3E3B9AA516}.Release|Any CPU.Build.0 = Release|Any CPU
	EndGlobalSection
	GlobalSection(SolutionProperties) = preSolution
		HideSolutionNode = FALSE
	EndGlobalSection
	GlobalSection(ExtensibilityGlobals) = postSolution
		SolutionGuid = {8E3A70EF-8717-49DD-BC08-968F1F10192A}
	EndGlobalSection
EndGlobal
