
Microsoft Visual Studio Solution File, Format Version 12.00
# Visual Studio Version 17
VisualStudioVersion = 17.3.32929.385
MinimumVisualStudioVersion = 10.0.40219.1
Project("{FAE04EC0-301F-11D3-BF4B-00C04F79EFBC}") = "1400 -- C1684 - ColorSwapping", "1400 -- C1684 - ColorSwapping.csproj", "{47A849F7-C9E5-4EF1-AEF5-B97FE847D99E}"
EndProject
Global
	GlobalSection(SolutionConfigurationPlatforms) = preSolution
		Debug|Any CPU = Debug|Any CPU
		Release|Any CPU = Release|Any CPU
	EndGlobalSection
	GlobalSection(ProjectConfigurationPlatforms) = postSolution
		{47A849F7-C9E5-4EF1-AEF5-B97FE847D99E}.Debug|Any CPU.ActiveCfg = Debug|Any CPU
		{47A849F7-C9E5-4EF1-AEF5-B97FE847D99E}.Debug|Any CPU.Build.0 = Debug|Any CPU
		{47A849F7-C9E5-4EF1-AEF5-B97FE847D99E}.Release|Any CPU.ActiveCfg = Release|Any CPU
		{47A849F7-C9E5-4EF1-AEF5-B97FE847D99E}.Release|Any CPU.Build.0 = Release|Any CPU
	EndGlobalSection
	GlobalSection(SolutionProperties) = preSolution
		HideSolutionNode = FALSE
	EndGlobalSection
	GlobalSection(ExtensibilityGlobals) = postSolution
		SolutionGuid = {EA58B81F-A3F5-4D0E-B46A-FBCC14C9E847}
	EndGlobalSection
EndGlobal
