
Microsoft Visual Studio Solution File, Format Version 12.00
# Visual Studio Version 17
VisualStudioVersion = 17.3.32929.385
MinimumVisualStudioVersion = 10.0.40219.1
Project("{FAE04EC0-301F-11D3-BF4B-00C04F79EFBC}") = "QuickSortWithRecursion", "QuickSortWithRecursion.csproj", "{2089D593-47CA-4B83-9A1C-08C47FA8EC16}"
EndProject
Global
	GlobalSection(SolutionConfigurationPlatforms) = preSolution
		Debug|Any CPU = Debug|Any CPU
		Release|Any CPU = Release|Any CPU
	EndGlobalSection
	GlobalSection(ProjectConfigurationPlatforms) = postSolution
		{2089D593-47CA-4B83-9A1C-08C47FA8EC16}.Debug|Any CPU.ActiveCfg = Debug|Any CPU
		{2089D593-47CA-4B83-9A1C-08C47FA8EC16}.Debug|Any CPU.Build.0 = Debug|Any CPU
		{2089D593-47CA-4B83-9A1C-08C47FA8EC16}.Release|Any CPU.ActiveCfg = Release|Any CPU
		{2089D593-47CA-4B83-9A1C-08C47FA8EC16}.Release|Any CPU.Build.0 = Release|Any CPU
	EndGlobalSection
	GlobalSection(SolutionProperties) = preSolution
		HideSolutionNode = FALSE
	EndGlobalSection
	GlobalSection(ExtensibilityGlobals) = postSolution
		SolutionGuid = {5426B502-D4CF-4D82-AC82-A456760FCC4D}
	EndGlobalSection
EndGlobal
