
Microsoft Visual Studio Solution File, Format Version 12.00
# Visual Studio Version 17
VisualStudioVersion = 17.3.32929.385
MinimumVisualStudioVersion = 10.0.40219.1
Project("{FAE04EC0-301F-11D3-BF4B-00C04F79EFBC}") = "1200 -- EnergyDrinks", "1200 -- EnergyDrinks.csproj", "{90379B34-D54C-4B14-9F9F-C1B09F6AF1EC}"
EndProject
Global
	GlobalSection(SolutionConfigurationPlatforms) = preSolution
		Debug|Any CPU = Debug|Any CPU
		Release|Any CPU = Release|Any CPU
	EndGlobalSection
	GlobalSection(ProjectConfigurationPlatforms) = postSolution
		{90379B34-D54C-4B14-9F9F-C1B09F6AF1EC}.Debug|Any CPU.ActiveCfg = Debug|Any CPU
		{90379B34-D54C-4B14-9F9F-C1B09F6AF1EC}.Debug|Any CPU.Build.0 = Debug|Any CPU
		{90379B34-D54C-4B14-9F9F-C1B09F6AF1EC}.Release|Any CPU.ActiveCfg = Release|Any CPU
		{90379B34-D54C-4B14-9F9F-C1B09F6AF1EC}.Release|Any CPU.Build.0 = Release|Any CPU
	EndGlobalSection
	GlobalSection(SolutionProperties) = preSolution
		HideSolutionNode = FALSE
	EndGlobalSection
	GlobalSection(ExtensibilityGlobals) = postSolution
		SolutionGuid = {57759238-37C3-4A0A-94D0-CE2E6FAFB6C1}
	EndGlobalSection
EndGlobal
